
Microsoft Visual Studio Solution File, Format Version 12.00
# Visual Studio 15
VisualStudioVersion = 15.0.27703.2026
MinimumVisualStudioVersion = 10.0.40219.1
Project("{FAE04EC0-301F-11D3-BF4B-00C04F79EFBC}") = "WebApplication1", "WebApplication1\WebApplication1.csproj", "{A8B62CB3-C36E-42C9-9F80-33282CF6DFCD}"
EndProject
Global
	GlobalSection(SolutionConfigurationPlatforms) = preSolution
		Debug|Any CPU = Debug|Any CPU
		Release|Any CPU = Release|Any CPU
	EndGlobalSection
	GlobalSection(ProjectConfigurationPlatforms) = postSolution
		{A8B62CB3-C36E-42C9-9F80-33282CF6DFCD}.Debug|Any CPU.ActiveCfg = Debug|Any CPU
		{A8B62CB3-C36E-42C9-9F80-33282CF6DFCD}.Debug|Any CPU.Build.0 = Debug|Any CPU
		{A8B62CB3-C36E-42C9-9F80-33282CF6DFCD}.Release|Any CPU.ActiveCfg = Release|Any CPU
		{A8B62CB3-C36E-42C9-9F80-33282CF6DFCD}.Release|Any CPU.Build.0 = Release|Any CPU
	EndGlobalSection
	GlobalSection(SolutionProperties) = preSolution
		HideSolutionNode = FALSE
	EndGlobalSection
	GlobalSection(ExtensibilityGlobals) = postSolution
		SolutionGuid = {E667F98F-8C02-4593-AD51-0AB931CFB83E}
	EndGlobalSection
EndGlobal
